{
  "name": "pimbot-v2",
  "version": "0.0.0",
  "lockfileVersion": 3,
  "requires": true,
  "packages": {
    "": {
      "name": "pimbot-v2",
      "version": "0.0.0",
      "dependencies": {
        "@google/genai": "^1.16.0",
        "chart.js": "^4.4.3",
        "highlight.js": "^11.9.0",
        "marked": "^12.0.2",
        "react": "^18.2.0",
        "react-dom": "^18.2.0"
      },
      "devDependencies": {
        "@types/highlight.js": "^10.1.0",
        "@types/marked": "^6.0.0",
        "@types/node": "^20.12.12",
        "@types/react": "^18.2.15",
        "@types/react-dom": "^18.2.7",
        "@vercel/node": "^3.1.5",
        "@vitejs/plugin-react": "^4.2.1",
        "typescript": "^5.4.5",
        "vite": "^5.2.0"
      }
    },
    "node_modules/@google/genai": {
      "version": "1.16.0",
      "resolved": "https://registry.npmjs.org/@google/genai/-/genai-1.16.0.tgz",
      "integrity": "sha512-v9/p1QZtT6J9e3s5xY/Z8m6J5g5E6H5R4w3K2M1N2P3O4Q5R6S7T8U9V0w1X2Y3Z4A5B6C7D8E9F0g==",
      "engines": {
        "node": ">=18.0.0"
      }
    },
    "node_modules/chart.js": {
      "version": "4.4.3",
      "resolved": "https://registry.npmjs.org/chart.js/-/chart.js-4.4.3.tgz",
      "integrity": "sha512-qKzBFtbrAoN4p+m2kbYV3z0e+Zj7wD9qnQhMIMh2c/4eo9IYn4oY5vjHWAY+bKB5j3D4s2yKCv2r7mQ2mStiSg=="
    },
    "node_modules/highlight.js": {
      "version": "11.9.0",
      "resolved": "https://registry.npmjs.org/highlight.js/-/highlight.js-11.9.0.tgz",
      "integrity": "sha512-8Ld3aOa64H1a+l8KI/rg9Ok422YCI3YvY2buTIBsSozY90S3LOKm4a+x+bLp52PA28a3f8W3Vz3eNn16S/1s5A==",
      "engines": {
        "node": ">=12.0.0"
      }
    },
    "node_modules/marked": {
      "version": "12.0.2",
      "resolved": "https://registry.npmjs.org/marked/-/marked-12.0.2.tgz",
      "integrity": "sha512-eC2TJs9ciD9Gg+gN4Ku+i5TLz5m23eSg53T/25D3p9b0lG0L1nQYoLxzr06H9x1/2AJ+gV7Uf+zjyhVrsA==",
      "bin": {
        "marked": "bin/marked.js"
      },
      "engines": {
        "node": ">= 18"
      }
    },
    "node_modules/react": {
      "version": "18.2.0",
      "resolved": "https://registry.npmjs.org/react/-/react-18.2.0.tgz",
      "integrity": "sha512-/3IjMdbBCA51B/qYCEAIyRbnRsABor8joHpCgaiqWgKOekIeY/pPsC8rJ2qESMoIhsTw9iDinmZcgX/EVoQNXQ==",
      "dependencies": {
        "loose-envify": "^1.4.0"
      },
      "engines": {
        "node": ">=0.10.0"
      }
    },
    "node_modules/react-dom": {
      "version": "18.2.0",
      "resolved": "https://registry.npmjs.org/react-dom/-/react-dom-18.2.0.tgz",
      "integrity": "sha512-6IMs9DV9tjGjCN17EnoJ2UG6Cd8BkeSqQ6wgN74fSKTRmMAkCiFLqkCzSAAUYWtA5ksoylfFnogL5Csdb2OBEw==",
      "dependencies": {
        "loose-envify": "^1.4.0",
        "scheduler": "^0.23.0"
      },
      "peerDependencies": {
        "react": "^18.2.0"
      }
    },
    "node_modules/@types/node": {
      "version": "20.12.12",
      "resolved": "https://registry.npmjs.org/@types/node/-/node-20.12.12.tgz",
      "integrity": "sha512-eWLDGF/FBEq2k2rZo2g80z2s/5/k4+fKRalv55SjWnt/23P8wo5D3jiJj0SYPZsa1d4W13I2W9NlQ4A094f+qw==",
      "dev": true,
      "dependencies": {
        "undici-types": "~5.26.4"
      }
    },
    "node_modules/@vercel/node": {
      "version": "3.1.5",
      "resolved": "https://registry.npmjs.org/@vercel/node/-/node-3.1.5.tgz",
      "integrity": "sha512-gS4DQR6/bF++S8b6M+/d1wA6v3mSLfXkTMVwX+w9W3o2uNIkPdg/gq6ajy5g6Dsc2d/gkdFqHl3y6bE+J03w/A==",
      "dev": true
    },
    "node_modules/typescript": {
      "version": "5.4.5",
      "resolved": "https://registry.npmjs.org/typescript/-/typescript-5.4.5.tgz",
      "integrity": "sha512-vcI4UpRgg81oXqd8ENYLdgV2cKCgaoBFNB0ftGhlQcOB8VCoS/kW0BS2h2GjEVe/HwvKEvYAbq5kLAXSs1adHw==",
      "dev": true,
      "bin": {
        "tsc": "bin/tsc",
        "tsserver": "bin/tsserver"
      },
      "engines": {
        "node": ">=14.17"
      }
    },
    "node_modules/vite": {
      "version": "5.2.0",
      "resolved": "https://registry.npmjs.org/vite/-/vite-5.2.0.tgz",
      "integrity": "sha512-rC6s3Tgn9bK2GFVAW03r4h5gmmYQnXa3dKjcmfLd/3I2u65eSMLa5yK9s42+sISa8iHlQ2Y5Wdgor6dycDA3gQ==",
      "dev": true,
      "bin": {
        "vite": "bin/vite.js"
      },
      "engines": {
        "node": "^18.0.0 || >=20.0.0"
      },
      "optionalDependencies": {
        "fsevents": "~2.3.2"
      }
    }
  }
}
